
Microsoft Visual Studio Solution File, Format Version 12.00
# Visual Studio 15
VisualStudioVersion = 15.0.27130.2036
MinimumVisualStudioVersion = 10.0.40219.1
Project("{2150E333-8FDC-42A3-9474-1A3956D46DE8}") = "1 - Apresentacao", "1 - Apresentacao", "{1F3D0DD5-D529-442A-8B7B-B5E5A8038CEC}"
EndProject
Project("{2150E333-8FDC-42A3-9474-1A3956D46DE8}") = "2 - Aplicacao", "2 - Aplicacao", "{3892FBDE-1643-44C1-AEC2-536EC06249D1}"
EndProject
Project("{2150E333-8FDC-42A3-9474-1A3956D46DE8}") = "3 - Servicos", "3 - Servicos", "{D490CA7A-2810-4D1B-927D-49C5B17C7B33}"
EndProject
Project("{2150E333-8FDC-42A3-9474-1A3956D46DE8}") = "4 - Dominio", "4 - Dominio", "{C30EC213-026D-4796-90B7-957C02A84253}"
EndProject
Project("{2150E333-8FDC-42A3-9474-1A3956D46DE8}") = "5 - Infraestrutura", "5 - Infraestrutura", "{761F09CE-BF3B-4558-B24B-B4B81EB75C5E}"
EndProject
Project("{2150E333-8FDC-42A3-9474-1A3956D46DE8}") = "5.1 - Dados", "5.1 - Dados", "{5F21CE49-EA78-4F3A-8EFB-7F808EEE3D3F}"
EndProject
Project("{2150E333-8FDC-42A3-9474-1A3956D46DE8}") = "5.2 - CrossCutting", "5.2 - CrossCutting", "{307DA08F-3742-43A6-90B9-5D19043CD293}"
EndProject
Project("{FAE04EC0-301F-11D3-BF4B-00C04F79EFBC}") = "SUACC.Aplicacao", "SUACC.Aplicacao\SUACC.Aplicacao.csproj", "{F773F187-B34F-4547-8665-439C69543D75}"
EndProject
Project("{FAE04EC0-301F-11D3-BF4B-00C04F79EFBC}") = "SUACC.Dominio", "SUACC.Dominio\SUACC.Dominio.csproj", "{EA3D3A06-2E6F-415C-95C7-05A451C97167}"
EndProject
Project("{FAE04EC0-301F-11D3-BF4B-00C04F79EFBC}") = "SUACC.Infra.Contexto", "SUACC.Infra.Contexto\SUACC.Infra.Contexto.csproj", "{C339B280-17D7-4E2D-B399-011539CCACEB}"
EndProject
Project("{FAE04EC0-301F-11D3-BF4B-00C04F79EFBC}") = "SUACC.Infra.Repositorio", "SUACC.Infra.Repositorio\SUACC.Infra.Repositorio.csproj", "{6F775010-0CC8-44E2-80B7-1DA9A89BBBDB}"
EndProject
Project("{FAE04EC0-301F-11D3-BF4B-00C04F79EFBC}") = "SUACC.Infra.CrossCutting.IoC", "SUACC.Infra.CrossCutting.IoC\SUACC.Infra.CrossCutting.IoC.csproj", "{D425A41B-3B69-4F48-BD26-0371DA90659B}"
EndProject
Project("{FAE04EC0-301F-11D3-BF4B-00C04F79EFBC}") = "SUACC.Apresentacao.UI.MVC", "SUACC.Apresentacao.UI.MVC\SUACC.Apresentacao.UI.MVC.csproj", "{F8720FAA-7E63-4F85-A668-68656F58F72E}"
EndProject
Project("{FAE04EC0-301F-11D3-BF4B-00C04F79EFBC}") = "SUACC.Servicos.REST", "SUACC.Servicos.REST\SUACC.Servicos.REST.csproj", "{A90D1F02-DA63-471C-AEB8-76C8302420FC}"
EndProject
Project("{FAE04EC0-301F-11D3-BF4B-00C04F79EFBC}") = "WebApplication1", "WebApplication1\WebApplication1.csproj", "{322267EF-B87A-45D9-A0A8-1AF2DFA3748F}"
EndProject
Global
	GlobalSection(SolutionConfigurationPlatforms) = preSolution
		Debug|Any CPU = Debug|Any CPU
		Release|Any CPU = Release|Any CPU
	EndGlobalSection
	GlobalSection(ProjectConfigurationPlatforms) = postSolution
		{F773F187-B34F-4547-8665-439C69543D75}.Debug|Any CPU.ActiveCfg = Debug|Any CPU
		{F773F187-B34F-4547-8665-439C69543D75}.Debug|Any CPU.Build.0 = Debug|Any CPU
		{F773F187-B34F-4547-8665-439C69543D75}.Release|Any CPU.ActiveCfg = Release|Any CPU
		{F773F187-B34F-4547-8665-439C69543D75}.Release|Any CPU.Build.0 = Release|Any CPU
		{EA3D3A06-2E6F-415C-95C7-05A451C97167}.Debug|Any CPU.ActiveCfg = Debug|Any CPU
		{EA3D3A06-2E6F-415C-95C7-05A451C97167}.Debug|Any CPU.Build.0 = Debug|Any CPU
		{EA3D3A06-2E6F-415C-95C7-05A451C97167}.Release|Any CPU.ActiveCfg = Release|Any CPU
		{EA3D3A06-2E6F-415C-95C7-05A451C97167}.Release|Any CPU.Build.0 = Release|Any CPU
		{C339B280-17D7-4E2D-B399-011539CCACEB}.Debug|Any CPU.ActiveCfg = Debug|Any CPU
		{C339B280-17D7-4E2D-B399-011539CCACEB}.Debug|Any CPU.Build.0 = Debug|Any CPU
		{C339B280-17D7-4E2D-B399-011539CCACEB}.Release|Any CPU.ActiveCfg = Release|Any CPU
		{C339B280-17D7-4E2D-B399-011539CCACEB}.Release|Any CPU.Build.0 = Release|Any CPU
		{6F775010-0CC8-44E2-80B7-1DA9A89BBBDB}.Debug|Any CPU.ActiveCfg = Debug|Any CPU
		{6F775010-0CC8-44E2-80B7-1DA9A89BBBDB}.Debug|Any CPU.Build.0 = Debug|Any CPU
		{6F775010-0CC8-44E2-80B7-1DA9A89BBBDB}.Release|Any CPU.ActiveCfg = Release|Any CPU
		{6F775010-0CC8-44E2-80B7-1DA9A89BBBDB}.Release|Any CPU.Build.0 = Release|Any CPU
		{D425A41B-3B69-4F48-BD26-0371DA90659B}.Debug|Any CPU.ActiveCfg = Debug|Any CPU
		{D425A41B-3B69-4F48-BD26-0371DA90659B}.Debug|Any CPU.Build.0 = Debug|Any CPU
		{D425A41B-3B69-4F48-BD26-0371DA90659B}.Release|Any CPU.ActiveCfg = Release|Any CPU
		{D425A41B-3B69-4F48-BD26-0371DA90659B}.Release|Any CPU.Build.0 = Release|Any CPU
		{F8720FAA-7E63-4F85-A668-68656F58F72E}.Debug|Any CPU.ActiveCfg = Debug|Any CPU
		{F8720FAA-7E63-4F85-A668-68656F58F72E}.Debug|Any CPU.Build.0 = Debug|Any CPU
		{F8720FAA-7E63-4F85-A668-68656F58F72E}.Release|Any CPU.ActiveCfg = Release|Any CPU
		{F8720FAA-7E63-4F85-A668-68656F58F72E}.Release|Any CPU.Build.0 = Release|Any CPU
		{A90D1F02-DA63-471C-AEB8-76C8302420FC}.Debug|Any CPU.ActiveCfg = Debug|Any CPU
		{A90D1F02-DA63-471C-AEB8-76C8302420FC}.Debug|Any CPU.Build.0 = Debug|Any CPU
		{A90D1F02-DA63-471C-AEB8-76C8302420FC}.Release|Any CPU.ActiveCfg = Release|Any CPU
		{A90D1F02-DA63-471C-AEB8-76C8302420FC}.Release|Any CPU.Build.0 = Release|Any CPU
		{322267EF-B87A-45D9-A0A8-1AF2DFA3748F}.Debug|Any CPU.ActiveCfg = Debug|Any CPU
		{322267EF-B87A-45D9-A0A8-1AF2DFA3748F}.Debug|Any CPU.Build.0 = Debug|Any CPU
		{322267EF-B87A-45D9-A0A8-1AF2DFA3748F}.Release|Any CPU.ActiveCfg = Release|Any CPU
		{322267EF-B87A-45D9-A0A8-1AF2DFA3748F}.Release|Any CPU.Build.0 = Release|Any CPU
	EndGlobalSection
	GlobalSection(SolutionProperties) = preSolution
		HideSolutionNode = FALSE
	EndGlobalSection
	GlobalSection(NestedProjects) = preSolution
		{5F21CE49-EA78-4F3A-8EFB-7F808EEE3D3F} = {761F09CE-BF3B-4558-B24B-B4B81EB75C5E}
		{307DA08F-3742-43A6-90B9-5D19043CD293} = {761F09CE-BF3B-4558-B24B-B4B81EB75C5E}
		{F773F187-B34F-4547-8665-439C69543D75} = {3892FBDE-1643-44C1-AEC2-536EC06249D1}
		{EA3D3A06-2E6F-415C-95C7-05A451C97167} = {C30EC213-026D-4796-90B7-957C02A84253}
		{C339B280-17D7-4E2D-B399-011539CCACEB} = {5F21CE49-EA78-4F3A-8EFB-7F808EEE3D3F}
		{6F775010-0CC8-44E2-80B7-1DA9A89BBBDB} = {5F21CE49-EA78-4F3A-8EFB-7F808EEE3D3F}
		{D425A41B-3B69-4F48-BD26-0371DA90659B} = {307DA08F-3742-43A6-90B9-5D19043CD293}
		{F8720FAA-7E63-4F85-A668-68656F58F72E} = {1F3D0DD5-D529-442A-8B7B-B5E5A8038CEC}
		{A90D1F02-DA63-471C-AEB8-76C8302420FC} = {D490CA7A-2810-4D1B-927D-49C5B17C7B33}
		{322267EF-B87A-45D9-A0A8-1AF2DFA3748F} = {1F3D0DD5-D529-442A-8B7B-B5E5A8038CEC}
	EndGlobalSection
	GlobalSection(ExtensibilityGlobals) = postSolution
		SolutionGuid = {4761CA86-0014-4AB4-8E9B-9ADBC6175F90}
	EndGlobalSection
EndGlobal
